hash: 14b000f543d588f00c02fa678a91e086b507cf79646eb2cd47107f818993e230
updated: 2020-01-08T20:36:00.144372+01:00
imports:
- name: github.com/docker/docker
  version: a9507c6f76627fdc092edc542d5a7ef4a6df5eec
  subpackages:
  - api/types/blkiodev
  - api/types/container
  - api/types/mount
  - api/types/strslice
- name: github.com/docker/go-connections
  version: 082e382836465660fe3fd21de06624a205f986eb
  subpackages:
  - nat
- name: github.com/docker/go-units
  version: 0bbddae09c5a5419a8c6dcdd7ff90da3d450393b
- name: github.com/moby/buildkit
  version: f7cf4823f71b1a43b9911d4ee11f0eb502b54cc8
  subpackages:
  - frontend/dockerfile/command
  - frontend/dockerfile/instructions
  - frontend/dockerfile/parser
- name: github.com/pkg/errors
  version: 27936f6d90f9c8e1145f11ed52ffffbfdb9e0af7
- name: github.com/yalp/jsonpath
  version: 5cc68e5049a040829faef3a44c00ec4332f6dec7
testImports: []
